
Microsoft Visual Studio Solution File, Format Version 12.00
# Visual Studio 15
Project("{FAE04EC0-301F-11D3-BF4B-00C04F79EFBC}") = "Five Nights With Blue Thing Remastered", "Five Nights With Blue Thing Remastered.csproj", "{4CA57F95-161A-8DD9-F9EE-333E91A7E0DB}"
EndProject
Global
	GlobalSection(SolutionConfigurationPlatforms) = preSolution
		Debug|Any CPU = Debug|Any CPU
		Release|Any CPU = Release|Any CPU
	EndGlobalSection
	GlobalSection(ProjectConfigurationPlatforms) = postSolution
		{4CA57F95-161A-8DD9-F9EE-333E91A7E0DB}.Debug|Any CPU.ActiveCfg = Debug|Any CPU
		{4CA57F95-161A-8DD9-F9EE-333E91A7E0DB}.Debug|Any CPU.Build.0 = Debug|Any CPU
		{4CA57F95-161A-8DD9-F9EE-333E91A7E0DB}.Release|Any CPU.ActiveCfg = Release|Any CPU
		{4CA57F95-161A-8DD9-F9EE-333E91A7E0DB}.Release|Any CPU.Build.0 = Release|Any CPU
	EndGlobalSection
	GlobalSection(SolutionProperties) = preSolution
		HideSolutionNode = FALSE
	EndGlobalSection
EndGlobal
